// !$*UTF8*$!
{
	archiveVersion = 1;
	classes = {
	};
	objectVersion = 50;
	objects = {

/* Begin PBXBuildFile section */
		4107B9A426C4745C0028416C /* AndraVyViewController.swift in Sources */ = {isa = PBXBuildFile; fileRef = 4107B9A326C4745C0028416C /* AndraVyViewController.swift */; };
		41825D40270E016100C8DB48 /* ProfilViewController.swift in Sources */ = {isa = PBXBuildFile; fileRef = 41825D3F270E016100C8DB48 /* ProfilViewController.swift */; };
		41C4275526BC3A450054BD4D /* AppDelegate.swift in Sources */ = {isa = PBXBuildFile; fileRef = 41C4275426BC3A450054BD4D /* AppDelegate.swift */; };
		41C4275726BC3A450054BD4D /* SceneDelegate.swift in Sources */ = {isa = PBXBuildFile; fileRef = 41C4275626BC3A450054BD4D /* SceneDelegate.swift */; };
		41C4275926BC3A450054BD4D /* ViewController.swift in Sources */ = {isa = PBXBuildFile; fileRef = 41C4275826BC3A450054BD4D /* ViewController.swift */; };
		41C4275C26BC3A450054BD4D /* Main.storyboard in Resources */ = {isa = PBXBuildFile; fileRef = 41C4275A26BC3A450054BD4D /* Main.storyboard */; };
		41C4275E26BC3A460054BD4D /* Assets.xcassets in Resources */ = {isa = PBXBuildFile; fileRef = 41C4275D26BC3A460054BD4D /* Assets.xcassets */; };
		41C4276126BC3A460054BD4D /* LaunchScreen.storyboard in Resources */ = {isa = PBXBuildFile; fileRef = 41C4275F26BC3A460054BD4D /* LaunchScreen.storyboard */; };
/* End PBXBuildFile section */

/* Begin PBXFileReference section */
		4107B9A326C4745C0028416C /* AndraVyViewController.swift */ = {isa = PBXFileReference; lastKnownFileType = sourcecode.swift; path = AndraVyViewController.swift; sourceTree = "<group>"; };
		41825D3F270E016100C8DB48 /* ProfilViewController.swift */ = {isa = PBXFileReference; lastKnownFileType = sourcecode.swift; path = ProfilViewController.swift; sourceTree = "<group>"; };
		41C4275126BC3A450054BD4D /* 15.app */ = {isa = PBXFileReference; explicitFileType = wrapper.application; includeInIndex = 0; path = 15.app; sourceTree = BUILT_PRODUCTS_DIR; };
		41C4275426BC3A450054BD4D /* AppDelegate.swift */ = {isa = PBXFileReference; lastKnownFileType = sourcecode.swift; path = AppDelegate.swift; sourceTree = "<group>"; };
		41C4275626BC3A450054BD4D /* SceneDelegate.swift */ = {isa = PBXFileReference; lastKnownFileType = sourcecode.swift; path = SceneDelegate.swift; sourceTree = "<group>"; };
		41C4275826BC3A450054BD4D /* ViewController.swift */ = {isa = PBXFileReference; lastKnownFileType = sourcecode.swift; path = ViewController.swift; sourceTree = "<group>"; };
		41C4275B26BC3A450054BD4D /* Base */ = {isa = PBXFileReference; lastKnownFileType = file.storyboard; name = Base; path = Base.lproj/Main.storyboard; sourceTree = "<group>"; };
		41C4275D26BC3A460054BD4D /* Assets.xcassets */ = {isa = PBXFileReference; lastKnownFileType = folder.assetcatalog; path = Assets.xcassets; sourceTree = "<group>"; };
		41C4276026BC3A460054BD4D /* Base */ = {isa = PBXFileReference; lastKnownFileType = file.storyboard; name = Base; path = Base.lproj/LaunchScreen.storyboard; sourceTree = "<group>"; };
		41C4276226BC3A460054BD4D /* Info.plist */ = {isa = PBXFileReference; lastKnownFileType = text.plist.xml; path = Info.plist; sourceTree = "<group>"; };
/* End PBXFileReference section */

/* Begin PBXFrameworksBuildPhase section */
		41C4274E26BC3A450054BD4D /* Frameworks */ = {
			isa = PBXFrameworksBuildPhase;
			buildActionMask = 2147483647;
			files = (
			);
			runOnlyForDeploymentPostprocessing = 0;
		};
/* End PBXFrameworksBuildPhase section */

/* Begin PBXGroup section */
		41C4274826BC3A450054BD4D = {
			isa = PBXGroup;
			children = (
				41C4275326BC3A450054BD4D /* 15 */,
				41C4275226BC3A450054BD4D /* Products */,
			);
			sourceTree = "<group>";
		};
		41C4275226BC3A450054BD4D /* Products */ = {
			isa = PBXGroup;
			children = (
				41C4275126BC3A450054BD4D /* 15.app */,
			);
			name = Products;
			sourceTree = "<group>";
		};
		41C4275326BC3A450054BD4D /* 15 */ = {
			isa = PBXGroup;
			children = (
				41C4275426BC3A450054BD4D /* AppDelegate.swift */,
				41C4275626BC3A450054BD4D /* SceneDelegate.swift */,
				41C4275826BC3A450054BD4D /* ViewController.swift */,
				41825D3F270E016100C8DB48 /* ProfilViewController.swift */,
				41C4275A26BC3A450054BD4D /* Main.storyboard */,
				41C4275D26BC3A460054BD4D /* Assets.xcassets */,
				41C4275F26BC3A460054BD4D /* LaunchScreen.storyboard */,
				41C4276226BC3A460054BD4D /* Info.plist */,
				4107B9A326C4745C0028416C /* AndraVyViewController.swift */,
			);
			path = 15;
			sourceTree = "<group>";
		};
/* End PBXGroup section */

/* Begin PBXNativeTarget section */
		41C4275026BC3A450054BD4D /* 15 */ = {
			isa = PBXNativeTarget;
			buildConfigurationList = 41C4276526BC3A460054BD4D /* Build configuration list for PBXNativeTarget "15" */;
			buildPhases = (
				41C4274D26BC3A450054BD4D /* Sources */,
				41C4274E26BC3A450054BD4D /* Frameworks */,
				41C4274F26BC3A450054BD4D /* Resources */,
			);
			buildRules = (
			);
			dependencies = (
			);
			name = 15;
			productName = 15;
			productReference = 41C4275126BC3A450054BD4D /* 15.app */;
			productType = "com.apple.product-type.application";
		};
/* End PBXNativeTarget section */

/* Begin PBXProject section */
		41C4274926BC3A450054BD4D /* Project object */ = {
			isa = PBXProject;
			attributes = {
				LastSwiftUpdateCheck = 1250;
				LastUpgradeCheck = 1250;
				TargetAttributes = {
					41C4275026BC3A450054BD4D = {
						CreatedOnToolsVersion = 12.5.1;
					};
				};
			};
			buildConfigurationList = 41C4274C26BC3A450054BD4D /* Build configuration list for PBXProject "15" */;
			compatibilityVersion = "Xcode 9.3";
			developmentRegion = en;
			hasScannedForEncodings = 0;
			knownRegions = (
				en,
				Base,
			);
			mainGroup = 41C4274826BC3A450054BD4D;
			productRefGroup = 41C4275226BC3A450054BD4D /* Products */;
			projectDirPath = "";
			projectRoot = "";
			targets = (
				41C4275026BC3A450054BD4D /* 15 */,
			);
		};
/* End PBXProject section */

/* Begin PBXResourcesBuildPhase section */
		41C4274F26BC3A450054BD4D /* Resources */ = {
			isa = PBXResourcesBuildPhase;
			buildActionMask = 2147483647;
			files = (
				41C4276126BC3A460054BD4D /* LaunchScreen.storyboard in Resources */,
				41C4275E26BC3A460054BD4D /* Assets.xcassets in Resources */,
				41C4275C26BC3A450054BD4D /* Main.storyboard in Resources */,
			);
			runOnlyForDeploymentPostprocessing = 0;
		};
/* End PBXResourcesBuildPhase section */

/* Begin PBXSourcesBuildPhase section */
		41C4274D26BC3A450054BD4D /* Sources */ = {
			isa = PBXSourcesBuildPhase;
			buildActionMask = 2147483647;
			files = (
				41C4275926BC3A450054BD4D /* ViewController.swift in Sources */,
				41825D40270E016100C8DB48 /* ProfilViewController.swift in Sources */,
				41C4275526BC3A450054BD4D /* AppDelegate.swift in Sources */,
				4107B9A426C4745C0028416C /* AndraVyViewController.swift in Sources */,
				41C4275726BC3A450054BD4D /* SceneDelegate.swift in Sources */,
			);
			runOnlyForDeploymentPostprocessing = 0;
		};
/* End PBXSourcesBuildPhase section */

/* Begin PBXVariantGroup section */
		41C4275A26BC3A450054BD4D /* Main.storyboard */ = {
			isa = PBXVariantGroup;
			children = (
				41C4275B26BC3A450054BD4D /* Base */,
			);
			name = Main.storyboard;
			sourceTree = "<group>";
		};
		41C4275F26BC3A460054BD4D /* LaunchScreen.storyboard */ = {
			isa = PBXVariantGroup;
			children = (
				41C4276026BC3A460054BD4D /* Base */,
			);
			name = LaunchScreen.storyboard;
			sourceTree = "<group>";
		};
/* End PBXVariantGroup section */

/* Begin XCBuildConfiguration section */
		41C4276326BC3A460054BD4D /* Debug */ = {
			isa = XCBuildConfiguration;
			buildSettings = {
				ALWAYS_SEARCH_USER_PATHS = NO;
				CLANG_ANALYZER_NONNULL = YES;
				CLANG_ANALYZER_NUMBER_OBJECT_CONVERSION = YES_AGGRESSIVE;
				CLANG_CXX_LANGUAGE_STANDARD = "gnu++14";
				CLANG_CXX_LIBRARY = "libc++";
				CLANG_ENABLE_MODULES = YES;
				CLANG_ENABLE_OBJC_ARC = YES;
				CLANG_ENABLE_OBJC_WEAK = YES;
				CLANG_WARN_BLOCK_CAPTURE_AUTORELEASING = YES;
				CLANG_WARN_BOOL_CONVERSION = YES;
				CLANG_WARN_COMMA = YES;
				CLANG_WARN_CONSTANT_CONVERSION = YES;
				CLANG_WARN_DEPRECATED_OBJC_IMPLEMENTATIONS = YES;
				CLANG_WARN_DIRECT_OBJC_ISA_USAGE = YES_ERROR;
				CLANG_WARN_DOCUMENTATION_COMMENTS = YES;
				CLANG_WARN_EMPTY_BODY = YES;
				CLANG_WARN_ENUM_CONVERSION = YES;
				CLANG_WARN_INFINITE_RECURSION = YES;
				CLANG_WARN_INT_CONVERSION = YES;
				CLANG_WARN_NON_LITERAL_NULL_CONVERSION = YES;
				CLANG_WARN_OBJC_IMPLICIT_RETAIN_SELF = YES;
				CLANG_WARN_OBJC_LITERAL_CONVERSION = YES;
				CLANG_WARN_OBJC_ROOT_CLASS = YES_ERROR;
				CLANG_WARN_QUOTED_INCLUDE_IN_FRAMEWORK_HEADER = YES;
				CLANG_WARN_RANGE_LOOP_ANALYSIS = YES;
				CLANG_WARN_STRICT_PROTOTYPES = YES;
				CLANG_WARN_SUSPICIOUS_MOVE = YES;
				CLANG_WARN_UNGUARDED_AVAILABILITY = YES_AGGRESSIVE;
				CLANG_WARN_UNREACHABLE_CODE = YES;
				CLANG_WARN__DUPLICATE_METHOD_MATCH = YES;
				COPY_PHASE_STRIP = NO;
				DEBUG_INFORMATION_FORMAT = dwarf;
				ENABLE_STRICT_OBJC_MSGSEND = YES;
				ENABLE_TESTABILITY = YES;
				GCC_C_LANGUAGE_STANDARD = gnu11;
				GCC_DYNAMIC_NO_PIC = NO;
				GCC_NO_COMMON_BLOCKS = YES;
				GCC_OPTIMIZATION_LEVEL = 0;
				GCC_PREPROCESSOR_DEFINITIONS = (
					"DEBUG=1",
					"$(inherited)",
				);
				GCC_WARN_64_TO_32_BIT_CONVERSION = YES;
				GCC_WARN_ABOUT_RETURN_TYPE = YES_ERROR;
				GCC_WARN_UNDECLARED_SELECTOR = YES;
				GCC_WARN_UNINITIALIZED_AUTOS = YES_AGGRESSIVE;
				GCC_WARN_UNUSED_FUNCTION = YES;
				GCC_WARN_UNUSED_VARIABLE = YES;
				IPHONEOS_DEPLOYMENT_TARGET = 14.5;
				MTL_ENABLE_DEBUG_INFO = INCLUDE_SOURCE;
				MTL_FAST_MATH = YES;
				ONLY_ACTIVE_ARCH = YES;
				SDKROOT = iphoneos;
				SWIFT_ACTIVE_COMPILATION_CONDITIONS = DEBUG;
				SWIFT_OPTIMIZATION_LEVEL = "-Onone";
			};
			name = Debug;
		};
		41C4276426BC3A460054BD4D /* Release */ = {
			isa = XCBuildConfiguration;
			buildSettings = {
				ALWAYS_SEARCH_USER_PATHS = NO;
				CLANG_ANALYZER_NONNULL = YES;
				CLANG_ANALYZER_NUMBER_OBJECT_CONVERSION = YES_AGGRESSIVE;
				CLANG_CXX_LANGUAGE_STANDARD = "gnu++14";
				CLANG_CXX_LIBRARY = "libc++";
				CLANG_ENABLE_MODULES = YES;
				CLANG_ENABLE_OBJC_ARC = YES;
				CLANG_ENABLE_OBJC_WEAK = YES;
				CLANG_WARN_BLOCK_CAPTURE_AUTORELEASING = YES;
				CLANG_WARN_BOOL_CONVERSION = YES;
				CLANG_WARN_COMMA = YES;
				CLANG_WARN_CONSTANT_CONVERSION = YES;
				CLANG_WARN_DEPRECATED_OBJC_IMPLEMENTATIONS = YES;
				CLANG_WARN_DIRECT_OBJC_ISA_USAGE = YES_ERROR;
				CLANG_WARN_DOCUMENTATION_COMMENTS = YES;
				CLANG_WARN_EMPTY_BODY = YES;
				CLANG_WARN_ENUM_CONVERSION = YES;
				CLANG_WARN_INFINITE_RECURSION = YES;
				CLANG_WARN_INT_CONVERSION = YES;
				CLANG_WARN_NON_LITERAL_NULL_CONVERSION = YES;
				CLANG_WARN_OBJC_IMPLICIT_RETAIN_SELF = YES;
				CLANG_WARN_OBJC_LITERAL_CONVERSION = YES;
				CLANG_WARN_OBJC_ROOT_CLASS = YES_ERROR;
				CLANG_WARN_QUOTED_INCLUDE_IN_FRAMEWORK_HEADER = YES;
				CLANG_WARN_RANGE_LOOP_ANALYSIS = YES;
				CLANG_WARN_STRICT_PROTOTYPES = YES;
				CLANG_WARN_SUSPICIOUS_MOVE = YES;
				CLANG_WARN_UNGUARDED_AVAILABILITY = YES_AGGRESSIVE;
				CLANG_WARN_UNREACHABLE_CODE = YES;
				CLANG_WARN__DUPLICATE_METHOD_MATCH = YES;
				COPY_PHASE_STRIP = NO;
				DEBUG_INFORMATION_FORMAT = "dwarf-with-dsym";
				ENABLE_NS_ASSERTIONS = NO;
				ENABLE_STRICT_OBJC_MSGSEND = YES;
				GCC_C_LANGUAGE_STANDARD = gnu11;
				GCC_NO_COMMON_BLOCKS = YES;
				GCC_WARN_64_TO_32_BIT_CONVERSION = YES;
				GCC_WARN_ABOUT_RETURN_TYPE = YES_ERROR;
				GCC_WARN_UNDECLARED_SELECTOR = YES;
				GCC_WARN_UNINITIALIZED_AUTOS = YES_AGGRESSIVE;
				GCC_WARN_UNUSED_FUNCTION = YES;
				GCC_WARN_UNUSED_VARIABLE = YES;
				IPHONEOS_DEPLOYMENT_TARGET = 14.5;
				MTL_ENABLE_DEBUG_INFO = NO;
				MTL_FAST_MATH = YES;
				SDKROOT = iphoneos;
				SWIFT_COMPILATION_MODE = wholemodule;
				SWIFT_OPTIMIZATION_LEVEL = "-O";
				VALIDATE_PRODUCT = YES;
			};
			name = Release;
		};
		41C4276626BC3A460054BD4D /* Debug */ = {
			isa = XCBuildConfiguration;
			buildSettings = {
				ASSETCATALOG_COMPILER_APPICON_NAME = AppIcon;
				ASSETCATALOG_COMPILER_GLOBAL_ACCENT_COLOR_NAME = AccentColor;
				CODE_SIGN_STYLE = Automatic;
				DEVELOPMENT_TEAM = KS7NRSF6N2;
				INFOPLIST_FILE = 15/Info.plist;
				LD_RUNPATH_SEARCH_PATHS = (
					"$(inherited)",
					"@executable_path/Frameworks",
				);
				PRODUCT_BUNDLE_IDENTIFIER = "com.Albert.-5";
				PRODUCT_NAME = "$(TARGET_NAME)";
				SWIFT_VERSION = 5.0;
				TARGETED_DEVICE_FAMILY = "1,2";
			};
			name = Debug;
		};
		41C4276726BC3A460054BD4D /* Release */ = {
			isa = XCBuildConfiguration;
			buildSettings = {
				ASSETCATALOG_COMPILER_APPICON_NAME = AppIcon;
				ASSETCATALOG_COMPILER_GLOBAL_ACCENT_COLOR_NAME = AccentColor;
				CODE_SIGN_STYLE = Automatic;
				DEVELOPMENT_TEAM = KS7NRSF6N2;
				INFOPLIST_FILE = 15/Info.plist;
				LD_RUNPATH_SEARCH_PATHS = (
					"$(inherited)",
					"@executable_path/Frameworks",
				);
				PRODUCT_BUNDLE_IDENTIFIER = "com.Albert.-5";
				PRODUCT_NAME = "$(TARGET_NAME)";
				SWIFT_VERSION = 5.0;
				TARGETED_DEVICE_FAMILY = "1,2";
			};
			name = Release;
		};
/* End XCBuildConfiguration section */

/* Begin XCConfigurationList section */
		41C4274C26BC3A450054BD4D /* Build configuration list for PBXProject "15" */ = {
			isa = XCConfigurationList;
			buildConfigurations = (
				41C4276326BC3A460054BD4D /* Debug */,
				41C4276426BC3A460054BD4D /* Release */,
			);
			defaultConfigurationIsVisible = 0;
			defaultConfigurationName = Release;
		};
		41C4276526BC3A460054BD4D /* Build configuration list for PBXNativeTarget "15" */ = {
			isa = XCConfigurationList;
			buildConfigurations = (
				41C4276626BC3A460054BD4D /* Debug */,
				41C4276726BC3A460054BD4D /* Release */,
			);
			defaultConfigurationIsVisible = 0;
			defaultConfigurationName = Release;
		};
/* End XCConfigurationList section */
	};
	rootObject = 41C4274926BC3A450054BD4D /* Project object */;
}
